// !$*UTF8*$!
{
	archiveVersion = 1;
	classes = {
	};
	objectVersion = 55;
	objects = {

/* Begin PBXBuildFile section */
		043D08512754AB7900EB7BA3 /* ReminderCoreDataApp.swift in Sources */ = {isa = PBXBuildFile; fileRef = 043D08502754AB7900EB7BA3 /* ReminderCoreDataApp.swift */; };
		043D08532754AB7900EB7BA3 /* ContentView.swift in Sources */ = {isa = PBXBuildFile; fileRef = 043D08522754AB7900EB7BA3 /* ContentView.swift */; };
		043D08552754AB7D00EB7BA3 /* Assets.xcassets in Resources */ = {isa = PBXBuildFile; fileRef = 043D08542754AB7D00EB7BA3 /* Assets.xcassets */; };
		043D08582754AB7D00EB7BA3 /* Preview Assets.xcassets in Resources */ = {isa = PBXBuildFile; fileRef = 043D08572754AB7D00EB7BA3 /* Preview Assets.xcassets */; };
		043D085A2754AB7D00EB7BA3 /* Persistence.swift in Sources */ = {isa = PBXBuildFile; fileRef = 043D08592754AB7D00EB7BA3 /* Persistence.swift */; };
		043D085D2754AB7D00EB7BA3 /* ReminderCoreData.xcdatamodeld in Sources */ = {isa = PBXBuildFile; fileRef = 043D085B2754AB7D00EB7BA3 /* ReminderCoreData.xcdatamodeld */; };
		043D086F2754B28800EB7BA3 /* ReminderViewModel.swift in Sources */ = {isa = PBXBuildFile; fileRef = 043D086E2754B28800EB7BA3 /* ReminderViewModel.swift */; };
		049F8CC927588B0400C448E2 /* CategoryListView.swift in Sources */ = {isa = PBXBuildFile; fileRef = 049F8CC827588B0400C448E2 /* CategoryListView.swift */; };
		049F8CCB27588DE700C448E2 /* AlertView.swift in Sources */ = {isa = PBXBuildFile; fileRef = 049F8CCA27588DE700C448E2 /* AlertView.swift */; };
		049F8CD827589BA300C448E2 /* Category+CoreDataClass.swift in Sources */ = {isa = PBXBuildFile; fileRef = 049F8CD427589BA300C448E2 /* Category+CoreDataClass.swift */; };
		049F8CD927589BA300C448E2 /* Category+CoreDataProperties.swift in Sources */ = {isa = PBXBuildFile; fileRef = 049F8CD527589BA300C448E2 /* Category+CoreDataProperties.swift */; };
		049F8CDA27589BA300C448E2 /* Item+CoreDataClass.swift in Sources */ = {isa = PBXBuildFile; fileRef = 049F8CD627589BA300C448E2 /* Item+CoreDataClass.swift */; };
		049F8CDB27589BA300C448E2 /* Item+CoreDataProperties.swift in Sources */ = {isa = PBXBuildFile; fileRef = 049F8CD727589BA300C448E2 /* Item+CoreDataProperties.swift */; };
		04F7C10C275B72B20023B427 /* ItemListView.swift in Sources */ = {isa = PBXBuildFile; fileRef = 04F7C10B275B72B20023B427 /* ItemListView.swift */; };
		04F7C10E275B7B560023B427 /* ItemCellViewModel.swift in Sources */ = {isa = PBXBuildFile; fileRef = 04F7C10D275B7B560023B427 /* ItemCellViewModel.swift */; };
		04F7C110275B7D130023B427 /* ItemCell.swift in Sources */ = {isa = PBXBuildFile; fileRef = 04F7C10F275B7D130023B427 /* ItemCell.swift */; };
		04F7C113275B83CB0023B427 /* AwesomeToast in Frameworks */ = {isa = PBXBuildFile; productRef = 04F7C112275B83CB0023B427 /* AwesomeToast */; };
/* End PBXBuildFile section */

/* Begin PBXFileReference section */
		043D084D2754AB7900EB7BA3 /* ReminderCoreData.app */ = {isa = PBXFileReference; explicitFileType = wrapper.application; includeInIndex = 0; path = ReminderCoreData.app; sourceTree = BUILT_PRODUCTS_DIR; };
		043D08502754AB7900EB7BA3 /* ReminderCoreDataApp.swift */ = {isa = PBXFileReference; lastKnownFileType = sourcecode.swift; path = ReminderCoreDataApp.swift; sourceTree = "<group>"; };
		043D08522754AB7900EB7BA3 /* ContentView.swift */ = {isa = PBXFileReference; lastKnownFileType = sourcecode.swift; path = ContentView.swift; sourceTree = "<group>"; };
		043D08542754AB7D00EB7BA3 /* Assets.xcassets */ = {isa = PBXFileReference; lastKnownFileType = folder.assetcatalog; path = Assets.xcassets; sourceTree = "<group>"; };
		043D08572754AB7D00EB7BA3 /* Preview Assets.xcassets */ = {isa = PBXFileReference; lastKnownFileType = folder.assetcatalog; path = "Preview Assets.xcassets"; sourceTree = "<group>"; };
		043D08592754AB7D00EB7BA3 /* Persistence.swift */ = {isa = PBXFileReference; lastKnownFileType = sourcecode.swift; path = Persistence.swift; sourceTree = "<group>"; };
		043D085C2754AB7D00EB7BA3 /* ReminderCoreData.xcdatamodel */ = {isa = PBXFileReference; lastKnownFileType = wrapper.xcdatamodel; path = ReminderCoreData.xcdatamodel; sourceTree = "<group>"; };
		043D086E2754B28800EB7BA3 /* ReminderViewModel.swift */ = {isa = PBXFileReference; lastKnownFileType = sourcecode.swift; path = ReminderViewModel.swift; sourceTree = "<group>"; };
		049F8CC827588B0400C448E2 /* CategoryListView.swift */ = {isa = PBXFileReference; lastKnownFileType = sourcecode.swift; path = CategoryListView.swift; sourceTree = "<group>"; };
		049F8CCA27588DE700C448E2 /* AlertView.swift */ = {isa = PBXFileReference; lastKnownFileType = sourcecode.swift; path = AlertView.swift; sourceTree = "<group>"; };
		049F8CD427589BA300C448E2 /* Category+CoreDataClass.swift */ = {isa = PBXFileReference; lastKnownFileType = sourcecode.swift; path = "Category+CoreDataClass.swift"; sourceTree = SOURCE_ROOT; };
		049F8CD527589BA300C448E2 /* Category+CoreDataProperties.swift */ = {isa = PBXFileReference; lastKnownFileType = sourcecode.swift; path = "Category+CoreDataProperties.swift"; sourceTree = SOURCE_ROOT; };
		049F8CD627589BA300C448E2 /* Item+CoreDataClass.swift */ = {isa = PBXFileReference; lastKnownFileType = sourcecode.swift; path = "Item+CoreDataClass.swift"; sourceTree = SOURCE_ROOT; };
		049F8CD727589BA300C448E2 /* Item+CoreDataProperties.swift */ = {isa = PBXFileReference; lastKnownFileType = sourcecode.swift; path = "Item+CoreDataProperties.swift"; sourceTree = SOURCE_ROOT; };
		04F7C10B275B72B20023B427 /* ItemListView.swift */ = {isa = PBXFileReference; lastKnownFileType = sourcecode.swift; path = ItemListView.swift; sourceTree = "<group>"; };
		04F7C10D275B7B560023B427 /* ItemCellViewModel.swift */ = {isa = PBXFileReference; lastKnownFileType = sourcecode.swift; path = ItemCellViewModel.swift; sourceTree = "<group>"; };
		04F7C10F275B7D130023B427 /* ItemCell.swift */ = {isa = PBXFileReference; lastKnownFileType = sourcecode.swift; path = ItemCell.swift; sourceTree = "<group>"; };
/* End PBXFileReference section */

/* Begin PBXFrameworksBuildPhase section */
		043D084A2754AB7900EB7BA3 /* Frameworks */ = {
			isa = PBXFrameworksBuildPhase;
			buildActionMask = 2147483647;
			files = (
				04F7C113275B83CB0023B427 /* AwesomeToast in Frameworks */,
			);
			runOnlyForDeploymentPostprocessing = 0;
		};
/* End PBXFrameworksBuildPhase section */

/* Begin PBXGroup section */
		043D08442754AB7800EB7BA3 = {
			isa = PBXGroup;
			children = (
				043D084F2754AB7900EB7BA3 /* ReminderCoreData */,
				043D084E2754AB7900EB7BA3 /* Products */,
			);
			sourceTree = "<group>";
		};
		043D084E2754AB7900EB7BA3 /* Products */ = {
			isa = PBXGroup;
			children = (
				043D084D2754AB7900EB7BA3 /* ReminderCoreData.app */,
			);
			name = Products;
			sourceTree = "<group>";
		};
		043D084F2754AB7900EB7BA3 /* ReminderCoreData */ = {
			isa = PBXGroup;
			children = (
				043D086B2754B1EC00EB7BA3 /* Model */,
				043D086C2754B24300EB7BA3 /* View */,
				043D086D2754B24B00EB7BA3 /* ViewModel */,
				043D08502754AB7900EB7BA3 /* ReminderCoreDataApp.swift */,
				043D08522754AB7900EB7BA3 /* ContentView.swift */,
				043D08542754AB7D00EB7BA3 /* Assets.xcassets */,
				043D08562754AB7D00EB7BA3 /* Preview Content */,
			);
			path = ReminderCoreData;
			sourceTree = "<group>";
		};
		043D08562754AB7D00EB7BA3 /* Preview Content */ = {
			isa = PBXGroup;
			children = (
				043D08572754AB7D00EB7BA3 /* Preview Assets.xcassets */,
			);
			path = "Preview Content";
			sourceTree = "<group>";
		};
		043D086B2754B1EC00EB7BA3 /* Model */ = {
			isa = PBXGroup;
			children = (
				043D08592754AB7D00EB7BA3 /* Persistence.swift */,
				043D085B2754AB7D00EB7BA3 /* ReminderCoreData.xcdatamodeld */,
				049F8CD427589BA300C448E2 /* Category+CoreDataClass.swift */,
				049F8CD527589BA300C448E2 /* Category+CoreDataProperties.swift */,
				049F8CD627589BA300C448E2 /* Item+CoreDataClass.swift */,
				049F8CD727589BA300C448E2 /* Item+CoreDataProperties.swift */,
			);
			path = Model;
			sourceTree = "<group>";
		};
		043D086C2754B24300EB7BA3 /* View */ = {
			isa = PBXGroup;
			children = (
				049F8CC827588B0400C448E2 /* CategoryListView.swift */,
				049F8CCA27588DE700C448E2 /* AlertView.swift */,
				04F7C10B275B72B20023B427 /* ItemListView.swift */,
				04F7C10F275B7D130023B427 /* ItemCell.swift */,
			);
			path = View;
			sourceTree = "<group>";
		};
		043D086D2754B24B00EB7BA3 /* ViewModel */ = {
			isa = PBXGroup;
			children = (
				043D086E2754B28800EB7BA3 /* ReminderViewModel.swift */,
				04F7C10D275B7B560023B427 /* ItemCellViewModel.swift */,
			);
			path = ViewModel;
			sourceTree = "<group>";
		};
/* End PBXGroup section */

/* Begin PBXNativeTarget section */
		043D084C2754AB7900EB7BA3 /* ReminderCoreData */ = {
			isa = PBXNativeTarget;
			buildConfigurationList = 043D08602754AB7D00EB7BA3 /* Build configuration list for PBXNativeTarget "ReminderCoreData" */;
			buildPhases = (
				043D08492754AB7900EB7BA3 /* Sources */,
				043D084A2754AB7900EB7BA3 /* Frameworks */,
				043D084B2754AB7900EB7BA3 /* Resources */,
			);
			buildRules = (
			);
			dependencies = (
			);
			name = ReminderCoreData;
			packageProductDependencies = (
				04F7C112275B83CB0023B427 /* AwesomeToast */,
			);
			productName = ReminderCoreData;
			productReference = 043D084D2754AB7900EB7BA3 /* ReminderCoreData.app */;
			productType = "com.apple.product-type.application";
		};
/* End PBXNativeTarget section */

/* Begin PBXProject section */
		043D08452754AB7800EB7BA3 /* Project object */ = {
			isa = PBXProject;
			attributes = {
				BuildIndependentTargetsInParallel = 1;
				LastSwiftUpdateCheck = 1300;
				LastUpgradeCheck = 1300;
				TargetAttributes = {
					043D084C2754AB7900EB7BA3 = {
						CreatedOnToolsVersion = 13.0;
					};
				};
			};
			buildConfigurationList = 043D08482754AB7800EB7BA3 /* Build configuration list for PBXProject "ReminderCoreData" */;
			compatibilityVersion = "Xcode 13.0";
			developmentRegion = en;
			hasScannedForEncodings = 0;
			knownRegions = (
				en,
				Base,
			);
			mainGroup = 043D08442754AB7800EB7BA3;
			packageReferences = (
				04F7C111275B83CA0023B427 /* XCRemoteSwiftPackageReference "AwesomeToastPackage" */,
			);
			productRefGroup = 043D084E2754AB7900EB7BA3 /* Products */;
			projectDirPath = "";
			projectRoot = "";
			targets = (
				043D084C2754AB7900EB7BA3 /* ReminderCoreData */,
			);
		};
/* End PBXProject section */

/* Begin PBXResourcesBuildPhase section */
		043D084B2754AB7900EB7BA3 /* Resources */ = {
			isa = PBXResourcesBuildPhase;
			buildActionMask = 2147483647;
			files = (
				043D08582754AB7D00EB7BA3 /* Preview Assets.xcassets in Resources */,
				043D08552754AB7D00EB7BA3 /* Assets.xcassets in Resources */,
			);
			runOnlyForDeploymentPostprocessing = 0;
		};
/* End PBXResourcesBuildPhase section */

/* Begin PBXSourcesBuildPhase section */
		043D08492754AB7900EB7BA3 /* Sources */ = {
			isa = PBXSourcesBuildPhase;
			buildActionMask = 2147483647;
			files = (
				049F8CDA27589BA300C448E2 /* Item+CoreDataClass.swift in Sources */,
				043D085A2754AB7D00EB7BA3 /* Persistence.swift in Sources */,
				049F8CD927589BA300C448E2 /* Category+CoreDataProperties.swift in Sources */,
				049F8CD827589BA300C448E2 /* Category+CoreDataClass.swift in Sources */,
				04F7C110275B7D130023B427 /* ItemCell.swift in Sources */,
				04F7C10E275B7B560023B427 /* ItemCellViewModel.swift in Sources */,
				049F8CCB27588DE700C448E2 /* AlertView.swift in Sources */,
				043D086F2754B28800EB7BA3 /* ReminderViewModel.swift in Sources */,
				043D08532754AB7900EB7BA3 /* ContentView.swift in Sources */,
				04F7C10C275B72B20023B427 /* ItemListView.swift in Sources */,
				043D085D2754AB7D00EB7BA3 /* ReminderCoreData.xcdatamodeld in Sources */,
				049F8CC927588B0400C448E2 /* CategoryListView.swift in Sources */,
				049F8CDB27589BA300C448E2 /* Item+CoreDataProperties.swift in Sources */,
				043D08512754AB7900EB7BA3 /* ReminderCoreDataApp.swift in Sources */,
			);
			runOnlyForDeploymentPostprocessing = 0;
		};
/* End PBXSourcesBuildPhase section */

/* Begin XCBuildConfiguration section */
		043D085E2754AB7D00EB7BA3 /* Debug */ = {
			isa = XCBuildConfiguration;
			buildSettings = {
				ALWAYS_SEARCH_USER_PATHS = NO;
				CLANG_ANALYZER_NONNULL = YES;
				CLANG_ANALYZER_NUMBER_OBJECT_CONVERSION = YES_AGGRESSIVE;
				CLANG_CXX_LANGUAGE_STANDARD = "gnu++17";
				CLANG_CXX_LIBRARY = "libc++";
				CLANG_ENABLE_MODULES = YES;
				CLANG_ENABLE_OBJC_ARC = YES;
				CLANG_ENABLE_OBJC_WEAK = YES;
				CLANG_WARN_BLOCK_CAPTURE_AUTORELEASING = YES;
				CLANG_WARN_BOOL_CONVERSION = YES;
				CLANG_WARN_COMMA = YES;
				CLANG_WARN_CONSTANT_CONVERSION = YES;
				CLANG_WARN_DEPRECATED_OBJC_IMPLEMENTATIONS = YES;
				CLANG_WARN_DIRECT_OBJC_ISA_USAGE = YES_ERROR;
				CLANG_WARN_DOCUMENTATION_COMMENTS = YES;
				CLANG_WARN_EMPTY_BODY = YES;
				CLANG_WARN_ENUM_CONVERSION = YES;
				CLANG_WARN_INFINITE_RECURSION = YES;
				CLANG_WARN_INT_CONVERSION = YES;
				CLANG_WARN_NON_LITERAL_NULL_CONVERSION = YES;
				CLANG_WARN_OBJC_IMPLICIT_RETAIN_SELF = YES;
				CLANG_WARN_OBJC_LITERAL_CONVERSION = YES;
				CLANG_WARN_OBJC_ROOT_CLASS = YES_ERROR;
				CLANG_WARN_QUOTED_INCLUDE_IN_FRAMEWORK_HEADER = YES;
				CLANG_WARN_RANGE_LOOP_ANALYSIS = YES;
				CLANG_WARN_STRICT_PROTOTYPES = YES;
				CLANG_WARN_SUSPICIOUS_MOVE = YES;
				CLANG_WARN_UNGUARDED_AVAILABILITY = YES_AGGRESSIVE;
				CLANG_WARN_UNREACHABLE_CODE = YES;
				CLANG_WARN__DUPLICATE_METHOD_MATCH = YES;
				COPY_PHASE_STRIP = NO;
				DEBUG_INFORMATION_FORMAT = dwarf;
				ENABLE_STRICT_OBJC_MSGSEND = YES;
				ENABLE_TESTABILITY = YES;
				GCC_C_LANGUAGE_STANDARD = gnu11;
				GCC_DYNAMIC_NO_PIC = NO;
				GCC_NO_COMMON_BLOCKS = YES;
				GCC_OPTIMIZATION_LEVEL = 0;
				GCC_PREPROCESSOR_DEFINITIONS = (
					"DEBUG=1",
					"$(inherited)",
				);
				GCC_WARN_64_TO_32_BIT_CONVERSION = YES;
				GCC_WARN_ABOUT_RETURN_TYPE = YES_ERROR;
				GCC_WARN_UNDECLARED_SELECTOR = YES;
				GCC_WARN_UNINITIALIZED_AUTOS = YES_AGGRESSIVE;
				GCC_WARN_UNUSED_FUNCTION = YES;
				GCC_WARN_UNUSED_VARIABLE = YES;
				IPHONEOS_DEPLOYMENT_TARGET = 15.0;
				MTL_ENABLE_DEBUG_INFO = INCLUDE_SOURCE;
				MTL_FAST_MATH = YES;
				ONLY_ACTIVE_ARCH = YES;
				SDKROOT = iphoneos;
				SWIFT_ACTIVE_COMPILATION_CONDITIONS = DEBUG;
				SWIFT_OPTIMIZATION_LEVEL = "-Onone";
			};
			name = Debug;
		};
		043D085F2754AB7D00EB7BA3 /* Release */ = {
			isa = XCBuildConfiguration;
			buildSettings = {
				ALWAYS_SEARCH_USER_PATHS = NO;
				CLANG_ANALYZER_NONNULL = YES;
				CLANG_ANALYZER_NUMBER_OBJECT_CONVERSION = YES_AGGRESSIVE;
				CLANG_CXX_LANGUAGE_STANDARD = "gnu++17";
				CLANG_CXX_LIBRARY = "libc++";
				CLANG_ENABLE_MODULES = YES;
				CLANG_ENABLE_OBJC_ARC = YES;
				CLANG_ENABLE_OBJC_WEAK = YES;
				CLANG_WARN_BLOCK_CAPTURE_AUTORELEASING = YES;
				CLANG_WARN_BOOL_CONVERSION = YES;
				CLANG_WARN_COMMA = YES;
				CLANG_WARN_CONSTANT_CONVERSION = YES;
				CLANG_WARN_DEPRECATED_OBJC_IMPLEMENTATIONS = YES;
				CLANG_WARN_DIRECT_OBJC_ISA_USAGE = YES_ERROR;
				CLANG_WARN_DOCUMENTATION_COMMENTS = YES;
				CLANG_WARN_EMPTY_BODY = YES;
				CLANG_WARN_ENUM_CONVERSION = YES;
				CLANG_WARN_INFINITE_RECURSION = YES;
				CLANG_WARN_INT_CONVERSION = YES;
				CLANG_WARN_NON_LITERAL_NULL_CONVERSION = YES;
				CLANG_WARN_OBJC_IMPLICIT_RETAIN_SELF = YES;
				CLANG_WARN_OBJC_LITERAL_CONVERSION = YES;
				CLANG_WARN_OBJC_ROOT_CLASS = YES_ERROR;
				CLANG_WARN_QUOTED_INCLUDE_IN_FRAMEWORK_HEADER = YES;
				CLANG_WARN_RANGE_LOOP_ANALYSIS = YES;
				CLANG_WARN_STRICT_PROTOTYPES = YES;
				CLANG_WARN_SUSPICIOUS_MOVE = YES;
				CLANG_WARN_UNGUARDED_AVAILABILITY = YES_AGGRESSIVE;
				CLANG_WARN_UNREACHABLE_CODE = YES;
				CLANG_WARN__DUPLICATE_METHOD_MATCH = YES;
				COPY_PHASE_STRIP = NO;
				DEBUG_INFORMATION_FORMAT = "dwarf-with-dsym";
				ENABLE_NS_ASSERTIONS = NO;
				ENABLE_STRICT_OBJC_MSGSEND = YES;
				GCC_C_LANGUAGE_STANDARD = gnu11;
				GCC_NO_COMMON_BLOCKS = YES;
				GCC_WARN_64_TO_32_BIT_CONVERSION = YES;
				GCC_WARN_ABOUT_RETURN_TYPE = YES_ERROR;
				GCC_WARN_UNDECLARED_SELECTOR = YES;
				GCC_WARN_UNINITIALIZED_AUTOS = YES_AGGRESSIVE;
				GCC_WARN_UNUSED_FUNCTION = YES;
				GCC_WARN_UNUSED_VARIABLE = YES;
				IPHONEOS_DEPLOYMENT_TARGET = 15.0;
				MTL_ENABLE_DEBUG_INFO = NO;
				MTL_FAST_MATH = YES;
				SDKROOT = iphoneos;
				SWIFT_COMPILATION_MODE = wholemodule;
				SWIFT_OPTIMIZATION_LEVEL = "-O";
				VALIDATE_PRODUCT = YES;
			};
			name = Release;
		};
		043D08612754AB7D00EB7BA3 /* Debug */ = {
			isa = XCBuildConfiguration;
			buildSettings = {
				ASSETCATALOG_COMPILER_APPICON_NAME = AppIcon;
				ASSETCATALOG_COMPILER_GLOBAL_ACCENT_COLOR_NAME = AccentColor;
				CODE_SIGN_STYLE = Automatic;
				CURRENT_PROJECT_VERSION = 1;
				DEVELOPMENT_ASSET_PATHS = "\"ReminderCoreData/Preview Content\"";
				DEVELOPMENT_TEAM = YHZVJQ792Q;
				ENABLE_PREVIEWS = YES;
				GENERATE_INFOPLIST_FILE = YES;
				INFOPLIST_KEY_UIApplicationSceneManifest_Generation = YES;
				INFOPLIST_KEY_UIApplicationSupportsIndirectInputEvents = YES;
				INFOPLIST_KEY_UILaunchScreen_Generation = YES;
				INFOPLIST_KEY_UISupportedInterfaceOrientations_iPad = "UIInterfaceOrientationPortrait UIInterfaceOrientationPortraitUpsideDown UIInterfaceOrientationLandscapeLeft UIInterfaceOrientationLandscapeRight";
				INFOPLIST_KEY_UISupportedInterfaceOrientations_iPhone = "UIInterfaceOrientationPortrait UIInterfaceOrientationLandscapeLeft UIInterfaceOrientationLandscapeRight";
				IPHONEOS_DEPLOYMENT_TARGET = 14.0;
				LD_RUNPATH_SEARCH_PATHS = (
					"$(inherited)",
					"@executable_path/Frameworks",
				);
				MARKETING_VERSION = 1.0;
				PRODUCT_BUNDLE_IDENTIFIER = com.blacenova.ReminderCoreData;
				PRODUCT_NAME = "$(TARGET_NAME)";
				SWIFT_EMIT_LOC_STRINGS = YES;
				SWIFT_VERSION = 5.0;
				TARGETED_DEVICE_FAMILY = "1,2";
			};
			name = Debug;
		};
		043D08622754AB7D00EB7BA3 /* Release */ = {
			isa = XCBuildConfiguration;
			buildSettings = {
				ASSETCATALOG_COMPILER_APPICON_NAME = AppIcon;
				ASSETCATALOG_COMPILER_GLOBAL_ACCENT_COLOR_NAME = AccentColor;
				CODE_SIGN_STYLE = Automatic;
				CURRENT_PROJECT_VERSION = 1;
				DEVELOPMENT_ASSET_PATHS = "\"ReminderCoreData/Preview Content\"";
				DEVELOPMENT_TEAM = YHZVJQ792Q;
				ENABLE_PREVIEWS = YES;
				GENERATE_INFOPLIST_FILE = YES;
				INFOPLIST_KEY_UIApplicationSceneManifest_Generation = YES;
				INFOPLIST_KEY_UIApplicationSupportsIndirectInputEvents = YES;
				INFOPLIST_KEY_UILaunchScreen_Generation = YES;
				INFOPLIST_KEY_UISupportedInterfaceOrientations_iPad = "UIInterfaceOrientationPortrait UIInterfaceOrientationPortraitUpsideDown UIInterfaceOrientationLandscapeLeft UIInterfaceOrientationLandscapeRight";
				INFOPLIST_KEY_UISupportedInterfaceOrientations_iPhone = "UIInterfaceOrientationPortrait UIInterfaceOrientationLandscapeLeft UIInterfaceOrientationLandscapeRight";
				IPHONEOS_DEPLOYMENT_TARGET = 14.0;
				LD_RUNPATH_SEARCH_PATHS = (
					"$(inherited)",
					"@executable_path/Frameworks",
				);
				MARKETING_VERSION = 1.0;
				PRODUCT_BUNDLE_IDENTIFIER = com.blacenova.ReminderCoreData;
				PRODUCT_NAME = "$(TARGET_NAME)";
				SWIFT_EMIT_LOC_STRINGS = YES;
				SWIFT_VERSION = 5.0;
				TARGETED_DEVICE_FAMILY = "1,2";
			};
			name = Release;
		};
/* End XCBuildConfiguration section */

/* Begin XCConfigurationList section */
		043D08482754AB7800EB7BA3 /* Build configuration list for PBXProject "ReminderCoreData" */ = {
			isa = XCConfigurationList;
			buildConfigurations = (
				043D085E2754AB7D00EB7BA3 /* Debug */,
				043D085F2754AB7D00EB7BA3 /* Release */,
			);
			defaultConfigurationIsVisible = 0;
			defaultConfigurationName = Release;
		};
		043D08602754AB7D00EB7BA3 /* Build configuration list for PBXNativeTarget "ReminderCoreData" */ = {
			isa = XCConfigurationList;
			buildConfigurations = (
				043D08612754AB7D00EB7BA3 /* Debug */,
				043D08622754AB7D00EB7BA3 /* Release */,
			);
			defaultConfigurationIsVisible = 0;
			defaultConfigurationName = Release;
		};
/* End XCConfigurationList section */

/* Begin XCRemoteSwiftPackageReference section */
		04F7C111275B83CA0023B427 /* XCRemoteSwiftPackageReference "AwesomeToastPackage" */ = {
			isa = XCRemoteSwiftPackageReference;
			repositoryURL = "https://github.com/manasdevslopes/AwesomeToastPackage.git";
			requirement = {
				kind = upToNextMajorVersion;
				minimumVersion = 2.0.0;
			};
		};
/* End XCRemoteSwiftPackageReference section */

/* Begin XCSwiftPackageProductDependency section */
		04F7C112275B83CB0023B427 /* AwesomeToast */ = {
			isa = XCSwiftPackageProductDependency;
			package = 04F7C111275B83CA0023B427 /* XCRemoteSwiftPackageReference "AwesomeToastPackage" */;
			productName = AwesomeToast;
		};
/* End XCSwiftPackageProductDependency section */

/* Begin XCVersionGroup section */
		043D085B2754AB7D00EB7BA3 /* ReminderCoreData.xcdatamodeld */ = {
			isa = XCVersionGroup;
			children = (
				043D085C2754AB7D00EB7BA3 /* ReminderCoreData.xcdatamodel */,
			);
			currentVersion = 043D085C2754AB7D00EB7BA3 /* ReminderCoreData.xcdatamodel */;
			path = ReminderCoreData.xcdatamodeld;
			sourceTree = "<group>";
			versionGroupType = wrapper.xcdatamodel;
		};
/* End XCVersionGroup section */
	};
	rootObject = 043D08452754AB7800EB7BA3 /* Project object */;
}
